
Microsoft Visual Studio Solution File, Format Version 12.00
# Visual Studio Version 17
VisualStudioVersion = 17.9.34902.65
MinimumVisualStudioVersion = 10.0.40219.1
Project("{FAE04EC0-301F-11D3-BF4B-00C04F79EFBC}") = "Examen_Final", "Examen_Final\Examen_Final.csproj", "{CEFDF8A8-29C1-47E2-B336-3547D59B82ED}"
EndProject
Global
	GlobalSection(SolutionConfigurationPlatforms) = preSolution
		Debug|Any CPU = Debug|Any CPU
		Release|Any CPU = Release|Any CPU
	EndGlobalSection
	GlobalSection(ProjectConfigurationPlatforms) = postSolution
		{CEFDF8A8-29C1-47E2-B336-3547D59B82ED}.Debug|Any CPU.ActiveCfg = Debug|Any CPU
		{CEFDF8A8-29C1-47E2-B336-3547D59B82ED}.Debug|Any CPU.Build.0 = Debug|Any CPU
		{CEFDF8A8-29C1-47E2-B336-3547D59B82ED}.Release|Any CPU.ActiveCfg = Release|Any CPU
		{CEFDF8A8-29C1-47E2-B336-3547D59B82ED}.Release|Any CPU.Build.0 = Release|Any CPU
	EndGlobalSection
	GlobalSection(SolutionProperties) = preSolution
		HideSolutionNode = FALSE
	EndGlobalSection
	GlobalSection(ExtensibilityGlobals) = postSolution
		SolutionGuid = {54B9D7F6-BCC9-46B5-812E-D31D0FAA1E92}
	EndGlobalSection
EndGlobal
